
Microsoft Visual Studio Solution File, Format Version 12.00
# Visual Studio 14
VisualStudioVersion = 14.0.25420.1
MinimumVisualStudioVersion = 10.0.40219.1
Project("{8BC9CEB8-8B4A-11D0-8D11-00A0C91BC942}") = "sd3_inclass", "sd3_inclass.vcxproj", "{AD6D9BFC-19CF-4C93-87D9-ECE66AFCBF0A}"
EndProject
Global
	GlobalSection(SolutionConfigurationPlatforms) = preSolution
		Debug|x64 = Debug|x64
		Debug|x86 = Debug|x86
		Release|x64 = Release|x64
		Release|x86 = Release|x86
		Tools Debug|x64 = Tools Debug|x64
		Tools Debug|x86 = Tools Debug|x86
	EndGlobalSection
	GlobalSection(ProjectConfigurationPlatforms) = postSolution
		{AD6D9BFC-19CF-4C93-87D9-ECE66AFCBF0A}.Debug|x64.ActiveCfg = Debug|x64
		{AD6D9BFC-19CF-4C93-87D9-ECE66AFCBF0A}.Debug|x64.Build.0 = Debug|x64
		{AD6D9BFC-19CF-4C93-87D9-ECE66AFCBF0A}.Debug|x86.ActiveCfg = Debug|Win32
		{AD6D9BFC-19CF-4C93-87D9-ECE66AFCBF0A}.Debug|x86.Build.0 = Debug|Win32
		{AD6D9BFC-19CF-4C93-87D9-ECE66AFCBF0A}.Release|x64.ActiveCfg = Release|x64
		{AD6D9BFC-19CF-4C93-87D9-ECE66AFCBF0A}.Release|x64.Build.0 = Release|x64
		{AD6D9BFC-19CF-4C93-87D9-ECE66AFCBF0A}.Release|x86.ActiveCfg = Release|Win32
		{AD6D9BFC-19CF-4C93-87D9-ECE66AFCBF0A}.Release|x86.Build.0 = Release|Win32
		{AD6D9BFC-19CF-4C93-87D9-ECE66AFCBF0A}.Tools Debug|x64.ActiveCfg = Tools Debug|x64
		{AD6D9BFC-19CF-4C93-87D9-ECE66AFCBF0A}.Tools Debug|x64.Build.0 = Tools Debug|x64
		{AD6D9BFC-19CF-4C93-87D9-ECE66AFCBF0A}.Tools Debug|x86.ActiveCfg = Tools Debug|Win32
		{AD6D9BFC-19CF-4C93-87D9-ECE66AFCBF0A}.Tools Debug|x86.Build.0 = Tools Debug|Win32
	EndGlobalSection
	GlobalSection(SolutionProperties) = preSolution
		HideSolutionNode = FALSE
	EndGlobalSection
EndGlobal
